{
    "_readme": [
        "This file locks the dependencies of your project to a known state",
        "Read more about it at http://getcomposer.org/doc/01-basic-usage.md#composer-lock-the-lock-file",
        "This file is @generated automatically"
    ],
    "hash": "07f420e8bd063750ae65c7f930684331",
    "packages": [
        {
            "name": "zendesk/zendesk_api_client_php",
            "version": "dev-master",
            "source": {
                "type": "git",
                "url": "https://github.com/zendesk/zendesk_api_client_php.git",
                "reference": "856953c2220c3db941461a12ddba3eff1ac26edd"
            },
            "dist": {
                "type": "zip",
                "url": "https://api.github.com/repos/zendesk/zendesk_api_client_php/zipball/856953c2220c3db941461a12ddba3eff1ac26edd",
                "reference": "856953c2220c3db941461a12ddba3eff1ac26edd",
                "shasum": ""
            },
            "require": {
                "php": ">=5.3.1"
            },
            "require-dev": {
                "phpunit/phpunit": "3.7.*"
            },
            "type": "library",
            "autoload": {
                "psr-0": {
                    "Zendesk\\API\\": "src/"
                }
            },
            "notification-url": "https://packagist.org/downloads/",
            "license": [
                "Apache License Version 2.0"
            ],
            "authors": [
                {
                    "name": "DeVaris Brown",
                    "email": "dbrown@zendesk.com"
                },
                {
                    "name": "John Ginsberg",
                    "email": "john.ginsberg@toptal.com"
                }
            ],
            "description": "PHP Client for Zendesk REST API. See http://developer.zendesk.com/api-docs",
            "homepage": "https://github.com/zendesk/zendesk_api_client_php",
            "time": "2014-06-05 17:33:54"
        }
    ],
    "packages-dev": [

    ],
    "aliases": [

    ],
    "minimum-stability": "stable",
    "stability-flags": {
        "zendesk/zendesk_api_client_php": 20
    },
    "platform": [

    ],
    "platform-dev": [

    ]
}
